# This file was autogenerated by Stack.
# You should not edit this file by hand.
# For more information, please see the documentation at:
#   https://docs.haskellstack.org/en/stable/lock_files

packages:
- completed:
    name: openid-connect
    version: 0.1.0.0
    git: https://github.com/jvanbruegge/openid-connect.git
    pantry-tree:
      size: 2765
      sha256: c6b15fb229a39e8e5c4a6c56de5983d3e2b8cc94d19378a49afbdc2d45857df8
    commit: 8abba41c5b67429220995ff3127edb8a28e35608
  original:
    git: https://github.com/jvanbruegge/openid-connect.git
    commit: 8abba41c5b67429220995ff3127edb8a28e35608
- completed:
    name: servant-swagger
    version: 1.1.11
    git: https://github.com/haskell-servant/servant-swagger.git
    pantry-tree:
      size: 1965
      sha256: 8fd0d018aee725fa475a408d17a54ae8d190518e96453b304687bccafe4cddac
    commit: bb0a84faa073fa9530f60337610d7da3d5b9393c
  original:
    git: https://github.com/haskell-servant/servant-swagger.git
    commit: bb0a84faa073fa9530f60337610d7da3d5b9393c
- completed:
    hackage: servant-0.18.3@sha256:0fbf8f9274bdfda6a778d6d7ec714c9f0abd17102af9bc002a93fe3ed284e8ca,5309
    pantry-tree:
      size: 2662
      sha256: 206f6289793fc25e4708e454ebb3e478710e8634017a47f05cff41a20b50a08b
  original:
    hackage: servant-0.18.3
- completed:
    hackage: servant-server-0.18.3@sha256:8040e38682d936a2c87ad2a787cc65b3bad18c87e9f773cf7bcfc12ce76af96e,5508
    pantry-tree:
      size: 2614
      sha256: 972459941ab4e8f83a44fce6172b61e9126727cb5bdad5d4d21c28907128917a
  original:
    hackage: servant-server-0.18.3
snapshots:
- completed:
    size: 585392
    url: https://raw.githubusercontent.com/commercialhaskell/stackage-snapshots/master/lts/18/1.yaml
    sha256: 4e4c5e435a2f1c6f3c650f282db0f387f806406ed4fe6ef1aa4e6add9035d065
  original: lts-18.1
