# This file was autogenerated by Stack.
# You should not edit this file by hand.
# For more information, please see the documentation at:
#   https://docs.haskellstack.org/en/stable/lock_files

packages:
- completed:
    hackage: servant-cassava-0.10@sha256:9edd9b59aa5013c829cc25b67d25dc3c3a7185926f2c59006a38a9ae405d9658,1686
    pantry-tree:
      size: 282
      sha256: 23a27b82ce22bb337d9e1b12f587f1f24f14cac88668904db0194d58488b70a5
  original:
    hackage: servant-cassava-0.10@sha256:9edd9b59aa5013c829cc25b67d25dc3c3a7185926f2c59006a38a9ae405d9658,1686
- completed:
    name: openid-connect
    version: 0.1.0.0
    git: https://github.com/jvanbruegge/openid-connect.git
    pantry-tree:
      size: 2765
      sha256: 9731363b6e8badeba42dc8fc56ae93db2b444eea53e031ebe18012ea0c41496b
    commit: 0a973bee8958b294d2f0a7bec825fac80cb91a8f
  original:
    git: https://github.com/jvanbruegge/openid-connect.git
    commit: 0a973bee8958b294d2f0a7bec825fac80cb91a8f
snapshots:
- completed:
    size: 563100
    url: https://raw.githubusercontent.com/commercialhaskell/stackage-snapshots/master/lts/17/0.yaml
    sha256: e93a85871577ea3423d5f3454b2b6bd37c2c2123c79faf511dfb64f5b49a9f8b
  original: lts-17.0
